
Microsoft Visual Studio Solution File, Format Version 12.00
# Visual Studio 15
Project("{FAE04EC0-301F-11D3-BF4B-00C04F79EFBC}") = "Assembly-CSharp-Editor", "Assembly-CSharp-Editor.csproj", "{E72CCE9C-D5DC-F40A-AD7F-F519D42DB372}"
EndProject
Project("{FAE04EC0-301F-11D3-BF4B-00C04F79EFBC}") = "Assembly-CSharp", "Assembly-CSharp.csproj", "{71BB566F-2BE7-964F-4B64-356BC5898972}"
EndProject
Global
	GlobalSection(SolutionConfigurationPlatforms) = preSolution
		Debug|Any CPU = Debug|Any CPU
		Release|Any CPU = Release|Any CPU
	EndGlobalSection
	GlobalSection(ProjectConfigurationPlatforms) = postSolution
		{E72CCE9C-D5DC-F40A-AD7F-F519D42DB372}.Debug|Any CPU.ActiveCfg = Debug|Any CPU
		{E72CCE9C-D5DC-F40A-AD7F-F519D42DB372}.Debug|Any CPU.Build.0 = Debug|Any CPU
		{E72CCE9C-D5DC-F40A-AD7F-F519D42DB372}.Release|Any CPU.ActiveCfg = Release|Any CPU
		{E72CCE9C-D5DC-F40A-AD7F-F519D42DB372}.Release|Any CPU.Build.0 = Release|Any CPU
		{71BB566F-2BE7-964F-4B64-356BC5898972}.Debug|Any CPU.ActiveCfg = Debug|Any CPU
		{71BB566F-2BE7-964F-4B64-356BC5898972}.Debug|Any CPU.Build.0 = Debug|Any CPU
		{71BB566F-2BE7-964F-4B64-356BC5898972}.Release|Any CPU.ActiveCfg = Release|Any CPU
		{71BB566F-2BE7-964F-4B64-356BC5898972}.Release|Any CPU.Build.0 = Release|Any CPU
	EndGlobalSection
	GlobalSection(SolutionProperties) = preSolution
		HideSolutionNode = FALSE
	EndGlobalSection
EndGlobal
